
Microsoft Visual Studio Solution File, Format Version 12.00
# Visual Studio Version 17
VisualStudioVersion = 17.0.31903.59
MinimumVisualStudioVersion = 10.0.40219.1
Project("{FAE04EC0-301F-11D3-BF4B-00C04F79EFBC}") = "TemplateForSuccess.Web", "TemplateForSuccess.Web\TemplateForSuccess.Web.csproj", "{ECA0CF3C-048E-4153-AD6E-D777968BD21C}"
EndProject
Project("{FAE04EC0-301F-11D3-BF4B-00C04F79EFBC}") = "My.UmbracoBackofficeExtensions", "My.UmbracoBackofficeExtensions\My.UmbracoBackofficeExtensions.csproj", "{6432CBB5-E14C-C3FF-7757-C4879156EF95}"
EndProject
Global
	GlobalSection(SolutionConfigurationPlatforms) = preSolution
		Debug|Any CPU = Debug|Any CPU
		Debug|x64 = Debug|x64
		Debug|x86 = Debug|x86
		Release|Any CPU = Release|Any CPU
		Release|x64 = Release|x64
		Release|x86 = Release|x86
	EndGlobalSection
	GlobalSection(ProjectConfigurationPlatforms) = postSolution
		{ECA0CF3C-048E-4153-AD6E-D777968BD21C}.Debug|Any CPU.ActiveCfg = Debug|Any CPU
		{ECA0CF3C-048E-4153-AD6E-D777968BD21C}.Debug|Any CPU.Build.0 = Debug|Any CPU
		{ECA0CF3C-048E-4153-AD6E-D777968BD21C}.Debug|x64.ActiveCfg = Debug|Any CPU
		{ECA0CF3C-048E-4153-AD6E-D777968BD21C}.Debug|x64.Build.0 = Debug|Any CPU
		{ECA0CF3C-048E-4153-AD6E-D777968BD21C}.Debug|x86.ActiveCfg = Debug|Any CPU
		{ECA0CF3C-048E-4153-AD6E-D777968BD21C}.Debug|x86.Build.0 = Debug|Any CPU
		{ECA0CF3C-048E-4153-AD6E-D777968BD21C}.Release|Any CPU.ActiveCfg = Release|Any CPU
		{ECA0CF3C-048E-4153-AD6E-D777968BD21C}.Release|Any CPU.Build.0 = Release|Any CPU
		{ECA0CF3C-048E-4153-AD6E-D777968BD21C}.Release|x64.ActiveCfg = Release|Any CPU
		{ECA0CF3C-048E-4153-AD6E-D777968BD21C}.Release|x64.Build.0 = Release|Any CPU
		{ECA0CF3C-048E-4153-AD6E-D777968BD21C}.Release|x86.ActiveCfg = Release|Any CPU
		{ECA0CF3C-048E-4153-AD6E-D777968BD21C}.Release|x86.Build.0 = Release|Any CPU
		{6432CBB5-E14C-C3FF-7757-C4879156EF95}.Debug|Any CPU.ActiveCfg = Debug|Any CPU
		{6432CBB5-E14C-C3FF-7757-C4879156EF95}.Debug|Any CPU.Build.0 = Debug|Any CPU
		{6432CBB5-E14C-C3FF-7757-C4879156EF95}.Debug|x64.ActiveCfg = Debug|Any CPU
		{6432CBB5-E14C-C3FF-7757-C4879156EF95}.Debug|x64.Build.0 = Debug|Any CPU
		{6432CBB5-E14C-C3FF-7757-C4879156EF95}.Debug|x86.ActiveCfg = Debug|Any CPU
		{6432CBB5-E14C-C3FF-7757-C4879156EF95}.Debug|x86.Build.0 = Debug|Any CPU
		{6432CBB5-E14C-C3FF-7757-C4879156EF95}.Release|Any CPU.ActiveCfg = Release|Any CPU
		{6432CBB5-E14C-C3FF-7757-C4879156EF95}.Release|Any CPU.Build.0 = Release|Any CPU
		{6432CBB5-E14C-C3FF-7757-C4879156EF95}.Release|x64.ActiveCfg = Release|Any CPU
		{6432CBB5-E14C-C3FF-7757-C4879156EF95}.Release|x64.Build.0 = Release|Any CPU
		{6432CBB5-E14C-C3FF-7757-C4879156EF95}.Release|x86.ActiveCfg = Release|Any CPU
		{6432CBB5-E14C-C3FF-7757-C4879156EF95}.Release|x86.Build.0 = Release|Any CPU
	EndGlobalSection
	GlobalSection(SolutionProperties) = preSolution
		HideSolutionNode = FALSE
	EndGlobalSection
	GlobalSection(ExtensibilityGlobals) = postSolution
		SolutionGuid = {FB3091A8-6F59-487B-9931-AC66BB6AAD87}
	EndGlobalSection
EndGlobal
